
Microsoft Visual Studio Solution File, Format Version 12.00
# Visual Studio 15
VisualStudioVersion = 15.0.28307.329
MinimumVisualStudioVersion = 10.0.40219.1
Project("{2150E333-8FDC-42A3-9474-1A3956D46DE8}") = "Repositorios", "Repositorios", "{A4C1297E-9477-4C59-B8FC-939247CCD76C}"
EndProject
Project("{FAE04EC0-301F-11D3-BF4B-00C04F79EFBC}") = "App.DataAccess.Repository", "App.DataAccess.Repository\App.DataAccess.Repository.csproj", "{97539BC9-5797-4247-BB93-2346B9C5FC97}"
EndProject
Project("{FAE04EC0-301F-11D3-BF4B-00C04F79EFBC}") = "App.Entities.Base", "App.Entities.Base\App.Entities.Base.csproj", "{CD0D1BEA-456C-42BF-88EF-A304522DB1AE}"
EndProject
Project("{FAE04EC0-301F-11D3-BF4B-00C04F79EFBC}") = "App.DataAccess.Repository.Interface", "App.DataAccess.Repository.Interface\App.DataAccess.Repository.Interface.csproj", "{B4464098-9C10-4CD4-AD14-B70EC4AE3B85}"
EndProject
Project("{FAE04EC0-301F-11D3-BF4B-00C04F79EFBC}") = "App.DataAccess.Repository.Test", "App.DataAccess.Repository.Test\App.DataAccess.Repository.Test.csproj", "{4978D872-EB31-45E6-8A00-1C68D84145E7}"
EndProject
Project("{FAE04EC0-301F-11D3-BF4B-00C04F79EFBC}") = "App.Entities.Queries", "App.Entities.Queries\App.Entities.Queries.csproj", "{18ACCDF8-B604-4E34-AB04-85F11A75852A}"
EndProject
Project("{2150E333-8FDC-42A3-9474-1A3956D46DE8}") = "Domain", "Domain", "{927254D3-A5E8-4AE4-B566-8CD17D37B138}"
EndProject
Project("{2150E333-8FDC-42A3-9474-1A3956D46DE8}") = "Services", "Services", "{27CBEA3D-6E8D-4522-A17A-D1FAD1F7A4FF}"
EndProject
Project("{FAE04EC0-301F-11D3-BF4B-00C04F79EFBC}") = "App.Services.WCF", "App.Services.WCF\App.Services.WCF.csproj", "{B92BC7F8-9E2D-4E73-BF5E-9EBD2F7DEF8E}"
EndProject
Project("{FAE04EC0-301F-11D3-BF4B-00C04F79EFBC}") = "App.Services.WCF.Interfaces", "App.Services.WCF.Interfaces\App.Services.WCF.Interfaces.csproj", "{7D523A64-48CA-44B8-92FE-0A43324A13EF}"
EndProject
Project("{FAE04EC0-301F-11D3-BF4B-00C04F79EFBC}") = "App.Domain.Interfaces", "App.Domain.Interfaces\App.Domain.Interfaces.csproj", "{3AE3FC42-6BB4-4107-85D0-F34AC81D20DE}"
EndProject
Project("{FAE04EC0-301F-11D3-BF4B-00C04F79EFBC}") = "App.Domain", "App.Domain\App.Domain.csproj", "{83B804E6-1E47-4CA3-9CC1-40DF889C5A0C}"
EndProject
Global
	GlobalSection(SolutionConfigurationPlatforms) = preSolution
		Debug|Any CPU = Debug|Any CPU
		Debug|ARM = Debug|ARM
		Debug|ARM64 = Debug|ARM64
		Debug|x64 = Debug|x64
		Debug|x86 = Debug|x86
		Release|Any CPU = Release|Any CPU
		Release|ARM = Release|ARM
		Release|ARM64 = Release|ARM64
		Release|x64 = Release|x64
		Release|x86 = Release|x86
	EndGlobalSection
	GlobalSection(ProjectConfigurationPlatforms) = postSolution
		{97539BC9-5797-4247-BB93-2346B9C5FC97}.Debug|Any CPU.ActiveCfg = Debug|Any CPU
		{97539BC9-5797-4247-BB93-2346B9C5FC97}.Debug|Any CPU.Build.0 = Debug|Any CPU
		{97539BC9-5797-4247-BB93-2346B9C5FC97}.Debug|ARM.ActiveCfg = Debug|Any CPU
		{97539BC9-5797-4247-BB93-2346B9C5FC97}.Debug|ARM.Build.0 = Debug|Any CPU
		{97539BC9-5797-4247-BB93-2346B9C5FC97}.Debug|ARM64.ActiveCfg = Debug|Any CPU
		{97539BC9-5797-4247-BB93-2346B9C5FC97}.Debug|ARM64.Build.0 = Debug|Any CPU
		{97539BC9-5797-4247-BB93-2346B9C5FC97}.Debug|x64.ActiveCfg = Debug|Any CPU
		{97539BC9-5797-4247-BB93-2346B9C5FC97}.Debug|x64.Build.0 = Debug|Any CPU
		{97539BC9-5797-4247-BB93-2346B9C5FC97}.Debug|x86.ActiveCfg = Debug|Any CPU
		{97539BC9-5797-4247-BB93-2346B9C5FC97}.Debug|x86.Build.0 = Debug|Any CPU
		{97539BC9-5797-4247-BB93-2346B9C5FC97}.Release|Any CPU.ActiveCfg = Release|Any CPU
		{97539BC9-5797-4247-BB93-2346B9C5FC97}.Release|Any CPU.Build.0 = Release|Any CPU
		{97539BC9-5797-4247-BB93-2346B9C5FC97}.Release|ARM.ActiveCfg = Release|Any CPU
		{97539BC9-5797-4247-BB93-2346B9C5FC97}.Release|ARM.Build.0 = Release|Any CPU
		{97539BC9-5797-4247-BB93-2346B9C5FC97}.Release|ARM64.ActiveCfg = Release|Any CPU
		{97539BC9-5797-4247-BB93-2346B9C5FC97}.Release|ARM64.Build.0 = Release|Any CPU
		{97539BC9-5797-4247-BB93-2346B9C5FC97}.Release|x64.ActiveCfg = Release|Any CPU
		{97539BC9-5797-4247-BB93-2346B9C5FC97}.Release|x64.Build.0 = Release|Any CPU
		{97539BC9-5797-4247-BB93-2346B9C5FC97}.Release|x86.ActiveCfg = Release|Any CPU
		{97539BC9-5797-4247-BB93-2346B9C5FC97}.Release|x86.Build.0 = Release|Any CPU
		{CD0D1BEA-456C-42BF-88EF-A304522DB1AE}.Debug|Any CPU.ActiveCfg = Debug|Any CPU
		{CD0D1BEA-456C-42BF-88EF-A304522DB1AE}.Debug|Any CPU.Build.0 = Debug|Any CPU
		{CD0D1BEA-456C-42BF-88EF-A304522DB1AE}.Debug|ARM.ActiveCfg = Debug|Any CPU
		{CD0D1BEA-456C-42BF-88EF-A304522DB1AE}.Debug|ARM.Build.0 = Debug|Any CPU
		{CD0D1BEA-456C-42BF-88EF-A304522DB1AE}.Debug|ARM64.ActiveCfg = Debug|Any CPU
		{CD0D1BEA-456C-42BF-88EF-A304522DB1AE}.Debug|ARM64.Build.0 = Debug|Any CPU
		{CD0D1BEA-456C-42BF-88EF-A304522DB1AE}.Debug|x64.ActiveCfg = Debug|Any CPU
		{CD0D1BEA-456C-42BF-88EF-A304522DB1AE}.Debug|x64.Build.0 = Debug|Any CPU
		{CD0D1BEA-456C-42BF-88EF-A304522DB1AE}.Debug|x86.ActiveCfg = Debug|Any CPU
		{CD0D1BEA-456C-42BF-88EF-A304522DB1AE}.Debug|x86.Build.0 = Debug|Any CPU
		{CD0D1BEA-456C-42BF-88EF-A304522DB1AE}.Release|Any CPU.ActiveCfg = Release|Any CPU
		{CD0D1BEA-456C-42BF-88EF-A304522DB1AE}.Release|Any CPU.Build.0 = Release|Any CPU
		{CD0D1BEA-456C-42BF-88EF-A304522DB1AE}.Release|ARM.ActiveCfg = Release|Any CPU
		{CD0D1BEA-456C-42BF-88EF-A304522DB1AE}.Release|ARM.Build.0 = Release|Any CPU
		{CD0D1BEA-456C-42BF-88EF-A304522DB1AE}.Release|ARM64.ActiveCfg = Release|Any CPU
		{CD0D1BEA-456C-42BF-88EF-A304522DB1AE}.Release|ARM64.Build.0 = Release|Any CPU
		{CD0D1BEA-456C-42BF-88EF-A304522DB1AE}.Release|x64.ActiveCfg = Release|Any CPU
		{CD0D1BEA-456C-42BF-88EF-A304522DB1AE}.Release|x64.Build.0 = Release|Any CPU
		{CD0D1BEA-456C-42BF-88EF-A304522DB1AE}.Release|x86.ActiveCfg = Release|Any CPU
		{CD0D1BEA-456C-42BF-88EF-A304522DB1AE}.Release|x86.Build.0 = Release|Any CPU
		{B4464098-9C10-4CD4-AD14-B70EC4AE3B85}.Debug|Any CPU.ActiveCfg = Debug|Any CPU
		{B4464098-9C10-4CD4-AD14-B70EC4AE3B85}.Debug|Any CPU.Build.0 = Debug|Any CPU
		{B4464098-9C10-4CD4-AD14-B70EC4AE3B85}.Debug|ARM.ActiveCfg = Debug|Any CPU
		{B4464098-9C10-4CD4-AD14-B70EC4AE3B85}.Debug|ARM.Build.0 = Debug|Any CPU
		{B4464098-9C10-4CD4-AD14-B70EC4AE3B85}.Debug|ARM64.ActiveCfg = Debug|Any CPU
		{B4464098-9C10-4CD4-AD14-B70EC4AE3B85}.Debug|ARM64.Build.0 = Debug|Any CPU
		{B4464098-9C10-4CD4-AD14-B70EC4AE3B85}.Debug|x64.ActiveCfg = Debug|Any CPU
		{B4464098-9C10-4CD4-AD14-B70EC4AE3B85}.Debug|x64.Build.0 = Debug|Any CPU
		{B4464098-9C10-4CD4-AD14-B70EC4AE3B85}.Debug|x86.ActiveCfg = Debug|Any CPU
		{B4464098-9C10-4CD4-AD14-B70EC4AE3B85}.Debug|x86.Build.0 = Debug|Any CPU
		{B4464098-9C10-4CD4-AD14-B70EC4AE3B85}.Release|Any CPU.ActiveCfg = Release|Any CPU
		{B4464098-9C10-4CD4-AD14-B70EC4AE3B85}.Release|Any CPU.Build.0 = Release|Any CPU
		{B4464098-9C10-4CD4-AD14-B70EC4AE3B85}.Release|ARM.ActiveCfg = Release|Any CPU
		{B4464098-9C10-4CD4-AD14-B70EC4AE3B85}.Release|ARM.Build.0 = Release|Any CPU
		{B4464098-9C10-4CD4-AD14-B70EC4AE3B85}.Release|ARM64.ActiveCfg = Release|Any CPU
		{B4464098-9C10-4CD4-AD14-B70EC4AE3B85}.Release|ARM64.Build.0 = Release|Any CPU
		{B4464098-9C10-4CD4-AD14-B70EC4AE3B85}.Release|x64.ActiveCfg = Release|Any CPU
		{B4464098-9C10-4CD4-AD14-B70EC4AE3B85}.Release|x64.Build.0 = Release|Any CPU
		{B4464098-9C10-4CD4-AD14-B70EC4AE3B85}.Release|x86.ActiveCfg = Release|Any CPU
		{B4464098-9C10-4CD4-AD14-B70EC4AE3B85}.Release|x86.Build.0 = Release|Any CPU
		{4978D872-EB31-45E6-8A00-1C68D84145E7}.Debug|Any CPU.ActiveCfg = Debug|Any CPU
		{4978D872-EB31-45E6-8A00-1C68D84145E7}.Debug|Any CPU.Build.0 = Debug|Any CPU
		{4978D872-EB31-45E6-8A00-1C68D84145E7}.Debug|ARM.ActiveCfg = Debug|Any CPU
		{4978D872-EB31-45E6-8A00-1C68D84145E7}.Debug|ARM.Build.0 = Debug|Any CPU
		{4978D872-EB31-45E6-8A00-1C68D84145E7}.Debug|ARM64.ActiveCfg = Debug|Any CPU
		{4978D872-EB31-45E6-8A00-1C68D84145E7}.Debug|ARM64.Build.0 = Debug|Any CPU
		{4978D872-EB31-45E6-8A00-1C68D84145E7}.Debug|x64.ActiveCfg = Debug|Any CPU
		{4978D872-EB31-45E6-8A00-1C68D84145E7}.Debug|x64.Build.0 = Debug|Any CPU
		{4978D872-EB31-45E6-8A00-1C68D84145E7}.Debug|x86.ActiveCfg = Debug|Any CPU
		{4978D872-EB31-45E6-8A00-1C68D84145E7}.Debug|x86.Build.0 = Debug|Any CPU
		{4978D872-EB31-45E6-8A00-1C68D84145E7}.Release|Any CPU.ActiveCfg = Release|Any CPU
		{4978D872-EB31-45E6-8A00-1C68D84145E7}.Release|Any CPU.Build.0 = Release|Any CPU
		{4978D872-EB31-45E6-8A00-1C68D84145E7}.Release|ARM.ActiveCfg = Release|Any CPU
		{4978D872-EB31-45E6-8A00-1C68D84145E7}.Release|ARM.Build.0 = Release|Any CPU
		{4978D872-EB31-45E6-8A00-1C68D84145E7}.Release|ARM64.ActiveCfg = Release|Any CPU
		{4978D872-EB31-45E6-8A00-1C68D84145E7}.Release|ARM64.Build.0 = Release|Any CPU
		{4978D872-EB31-45E6-8A00-1C68D84145E7}.Release|x64.ActiveCfg = Release|Any CPU
		{4978D872-EB31-45E6-8A00-1C68D84145E7}.Release|x64.Build.0 = Release|Any CPU
		{4978D872-EB31-45E6-8A00-1C68D84145E7}.Release|x86.ActiveCfg = Release|Any CPU
		{4978D872-EB31-45E6-8A00-1C68D84145E7}.Release|x86.Build.0 = Release|Any CPU
		{18ACCDF8-B604-4E34-AB04-85F11A75852A}.Debug|Any CPU.ActiveCfg = Debug|Any CPU
		{18ACCDF8-B604-4E34-AB04-85F11A75852A}.Debug|Any CPU.Build.0 = Debug|Any CPU
		{18ACCDF8-B604-4E34-AB04-85F11A75852A}.Debug|ARM.ActiveCfg = Debug|Any CPU
		{18ACCDF8-B604-4E34-AB04-85F11A75852A}.Debug|ARM.Build.0 = Debug|Any CPU
		{18ACCDF8-B604-4E34-AB04-85F11A75852A}.Debug|ARM64.ActiveCfg = Debug|Any CPU
		{18ACCDF8-B604-4E34-AB04-85F11A75852A}.Debug|ARM64.Build.0 = Debug|Any CPU
		{18ACCDF8-B604-4E34-AB04-85F11A75852A}.Debug|x64.ActiveCfg = Debug|Any CPU
		{18ACCDF8-B604-4E34-AB04-85F11A75852A}.Debug|x64.Build.0 = Debug|Any CPU
		{18ACCDF8-B604-4E34-AB04-85F11A75852A}.Debug|x86.ActiveCfg = Debug|Any CPU
		{18ACCDF8-B604-4E34-AB04-85F11A75852A}.Debug|x86.Build.0 = Debug|Any CPU
		{18ACCDF8-B604-4E34-AB04-85F11A75852A}.Release|Any CPU.ActiveCfg = Release|Any CPU
		{18ACCDF8-B604-4E34-AB04-85F11A75852A}.Release|Any CPU.Build.0 = Release|Any CPU
		{18ACCDF8-B604-4E34-AB04-85F11A75852A}.Release|ARM.ActiveCfg = Release|Any CPU
		{18ACCDF8-B604-4E34-AB04-85F11A75852A}.Release|ARM.Build.0 = Release|Any CPU
		{18ACCDF8-B604-4E34-AB04-85F11A75852A}.Release|ARM64.ActiveCfg = Release|Any CPU
		{18ACCDF8-B604-4E34-AB04-85F11A75852A}.Release|ARM64.Build.0 = Release|Any CPU
		{18ACCDF8-B604-4E34-AB04-85F11A75852A}.Release|x64.ActiveCfg = Release|Any CPU
		{18ACCDF8-B604-4E34-AB04-85F11A75852A}.Release|x64.Build.0 = Release|Any CPU
		{18ACCDF8-B604-4E34-AB04-85F11A75852A}.Release|x86.ActiveCfg = Release|Any CPU
		{18ACCDF8-B604-4E34-AB04-85F11A75852A}.Release|x86.Build.0 = Release|Any CPU
		{B92BC7F8-9E2D-4E73-BF5E-9EBD2F7DEF8E}.Debug|Any CPU.ActiveCfg = Debug|Any CPU
		{B92BC7F8-9E2D-4E73-BF5E-9EBD2F7DEF8E}.Debug|Any CPU.Build.0 = Debug|Any CPU
		{B92BC7F8-9E2D-4E73-BF5E-9EBD2F7DEF8E}.Debug|ARM.ActiveCfg = Debug|Any CPU
		{B92BC7F8-9E2D-4E73-BF5E-9EBD2F7DEF8E}.Debug|ARM.Build.0 = Debug|Any CPU
		{B92BC7F8-9E2D-4E73-BF5E-9EBD2F7DEF8E}.Debug|ARM64.ActiveCfg = Debug|Any CPU
		{B92BC7F8-9E2D-4E73-BF5E-9EBD2F7DEF8E}.Debug|ARM64.Build.0 = Debug|Any CPU
		{B92BC7F8-9E2D-4E73-BF5E-9EBD2F7DEF8E}.Debug|x64.ActiveCfg = Debug|Any CPU
		{B92BC7F8-9E2D-4E73-BF5E-9EBD2F7DEF8E}.Debug|x64.Build.0 = Debug|Any CPU
		{B92BC7F8-9E2D-4E73-BF5E-9EBD2F7DEF8E}.Debug|x86.ActiveCfg = Debug|Any CPU
		{B92BC7F8-9E2D-4E73-BF5E-9EBD2F7DEF8E}.Debug|x86.Build.0 = Debug|Any CPU
		{B92BC7F8-9E2D-4E73-BF5E-9EBD2F7DEF8E}.Release|Any CPU.ActiveCfg = Release|Any CPU
		{B92BC7F8-9E2D-4E73-BF5E-9EBD2F7DEF8E}.Release|Any CPU.Build.0 = Release|Any CPU
		{B92BC7F8-9E2D-4E73-BF5E-9EBD2F7DEF8E}.Release|ARM.ActiveCfg = Release|Any CPU
		{B92BC7F8-9E2D-4E73-BF5E-9EBD2F7DEF8E}.Release|ARM.Build.0 = Release|Any CPU
		{B92BC7F8-9E2D-4E73-BF5E-9EBD2F7DEF8E}.Release|ARM64.ActiveCfg = Release|Any CPU
		{B92BC7F8-9E2D-4E73-BF5E-9EBD2F7DEF8E}.Release|ARM64.Build.0 = Release|Any CPU
		{B92BC7F8-9E2D-4E73-BF5E-9EBD2F7DEF8E}.Release|x64.ActiveCfg = Release|Any CPU
		{B92BC7F8-9E2D-4E73-BF5E-9EBD2F7DEF8E}.Release|x64.Build.0 = Release|Any CPU
		{B92BC7F8-9E2D-4E73-BF5E-9EBD2F7DEF8E}.Release|x86.ActiveCfg = Release|Any CPU
		{B92BC7F8-9E2D-4E73-BF5E-9EBD2F7DEF8E}.Release|x86.Build.0 = Release|Any CPU
		{7D523A64-48CA-44B8-92FE-0A43324A13EF}.Debug|Any CPU.ActiveCfg = Debug|Any CPU
		{7D523A64-48CA-44B8-92FE-0A43324A13EF}.Debug|Any CPU.Build.0 = Debug|Any CPU
		{7D523A64-48CA-44B8-92FE-0A43324A13EF}.Debug|ARM.ActiveCfg = Debug|Any CPU
		{7D523A64-48CA-44B8-92FE-0A43324A13EF}.Debug|ARM.Build.0 = Debug|Any CPU
		{7D523A64-48CA-44B8-92FE-0A43324A13EF}.Debug|ARM64.ActiveCfg = Debug|Any CPU
		{7D523A64-48CA-44B8-92FE-0A43324A13EF}.Debug|ARM64.Build.0 = Debug|Any CPU
		{7D523A64-48CA-44B8-92FE-0A43324A13EF}.Debug|x64.ActiveCfg = Debug|Any CPU
		{7D523A64-48CA-44B8-92FE-0A43324A13EF}.Debug|x64.Build.0 = Debug|Any CPU
		{7D523A64-48CA-44B8-92FE-0A43324A13EF}.Debug|x86.ActiveCfg = Debug|Any CPU
		{7D523A64-48CA-44B8-92FE-0A43324A13EF}.Debug|x86.Build.0 = Debug|Any CPU
		{7D523A64-48CA-44B8-92FE-0A43324A13EF}.Release|Any CPU.ActiveCfg = Release|Any CPU
		{7D523A64-48CA-44B8-92FE-0A43324A13EF}.Release|Any CPU.Build.0 = Release|Any CPU
		{7D523A64-48CA-44B8-92FE-0A43324A13EF}.Release|ARM.ActiveCfg = Release|Any CPU
		{7D523A64-48CA-44B8-92FE-0A43324A13EF}.Release|ARM.Build.0 = Release|Any CPU
		{7D523A64-48CA-44B8-92FE-0A43324A13EF}.Release|ARM64.ActiveCfg = Release|Any CPU
		{7D523A64-48CA-44B8-92FE-0A43324A13EF}.Release|ARM64.Build.0 = Release|Any CPU
		{7D523A64-48CA-44B8-92FE-0A43324A13EF}.Release|x64.ActiveCfg = Release|Any CPU
		{7D523A64-48CA-44B8-92FE-0A43324A13EF}.Release|x64.Build.0 = Release|Any CPU
		{7D523A64-48CA-44B8-92FE-0A43324A13EF}.Release|x86.ActiveCfg = Release|Any CPU
		{7D523A64-48CA-44B8-92FE-0A43324A13EF}.Release|x86.Build.0 = Release|Any CPU
		{3AE3FC42-6BB4-4107-85D0-F34AC81D20DE}.Debug|Any CPU.ActiveCfg = Debug|Any CPU
		{3AE3FC42-6BB4-4107-85D0-F34AC81D20DE}.Debug|Any CPU.Build.0 = Debug|Any CPU
		{3AE3FC42-6BB4-4107-85D0-F34AC81D20DE}.Debug|ARM.ActiveCfg = Debug|Any CPU
		{3AE3FC42-6BB4-4107-85D0-F34AC81D20DE}.Debug|ARM.Build.0 = Debug|Any CPU
		{3AE3FC42-6BB4-4107-85D0-F34AC81D20DE}.Debug|ARM64.ActiveCfg = Debug|Any CPU
		{3AE3FC42-6BB4-4107-85D0-F34AC81D20DE}.Debug|ARM64.Build.0 = Debug|Any CPU
		{3AE3FC42-6BB4-4107-85D0-F34AC81D20DE}.Debug|x64.ActiveCfg = Debug|Any CPU
		{3AE3FC42-6BB4-4107-85D0-F34AC81D20DE}.Debug|x64.Build.0 = Debug|Any CPU
		{3AE3FC42-6BB4-4107-85D0-F34AC81D20DE}.Debug|x86.ActiveCfg = Debug|Any CPU
		{3AE3FC42-6BB4-4107-85D0-F34AC81D20DE}.Debug|x86.Build.0 = Debug|Any CPU
		{3AE3FC42-6BB4-4107-85D0-F34AC81D20DE}.Release|Any CPU.ActiveCfg = Release|Any CPU
		{3AE3FC42-6BB4-4107-85D0-F34AC81D20DE}.Release|Any CPU.Build.0 = Release|Any CPU
		{3AE3FC42-6BB4-4107-85D0-F34AC81D20DE}.Release|ARM.ActiveCfg = Release|Any CPU
		{3AE3FC42-6BB4-4107-85D0-F34AC81D20DE}.Release|ARM.Build.0 = Release|Any CPU
		{3AE3FC42-6BB4-4107-85D0-F34AC81D20DE}.Release|ARM64.ActiveCfg = Release|Any CPU
		{3AE3FC42-6BB4-4107-85D0-F34AC81D20DE}.Release|ARM64.Build.0 = Release|Any CPU
		{3AE3FC42-6BB4-4107-85D0-F34AC81D20DE}.Release|x64.ActiveCfg = Release|Any CPU
		{3AE3FC42-6BB4-4107-85D0-F34AC81D20DE}.Release|x64.Build.0 = Release|Any CPU
		{3AE3FC42-6BB4-4107-85D0-F34AC81D20DE}.Release|x86.ActiveCfg = Release|Any CPU
		{3AE3FC42-6BB4-4107-85D0-F34AC81D20DE}.Release|x86.Build.0 = Release|Any CPU
		{83B804E6-1E47-4CA3-9CC1-40DF889C5A0C}.Debug|Any CPU.ActiveCfg = Debug|Any CPU
		{83B804E6-1E47-4CA3-9CC1-40DF889C5A0C}.Debug|Any CPU.Build.0 = Debug|Any CPU
		{83B804E6-1E47-4CA3-9CC1-40DF889C5A0C}.Debug|ARM.ActiveCfg = Debug|Any CPU
		{83B804E6-1E47-4CA3-9CC1-40DF889C5A0C}.Debug|ARM.Build.0 = Debug|Any CPU
		{83B804E6-1E47-4CA3-9CC1-40DF889C5A0C}.Debug|ARM64.ActiveCfg = Debug|Any CPU
		{83B804E6-1E47-4CA3-9CC1-40DF889C5A0C}.Debug|ARM64.Build.0 = Debug|Any CPU
		{83B804E6-1E47-4CA3-9CC1-40DF889C5A0C}.Debug|x64.ActiveCfg = Debug|Any CPU
		{83B804E6-1E47-4CA3-9CC1-40DF889C5A0C}.Debug|x64.Build.0 = Debug|Any CPU
		{83B804E6-1E47-4CA3-9CC1-40DF889C5A0C}.Debug|x86.ActiveCfg = Debug|Any CPU
		{83B804E6-1E47-4CA3-9CC1-40DF889C5A0C}.Debug|x86.Build.0 = Debug|Any CPU
		{83B804E6-1E47-4CA3-9CC1-40DF889C5A0C}.Release|Any CPU.ActiveCfg = Release|Any CPU
		{83B804E6-1E47-4CA3-9CC1-40DF889C5A0C}.Release|Any CPU.Build.0 = Release|Any CPU
		{83B804E6-1E47-4CA3-9CC1-40DF889C5A0C}.Release|ARM.ActiveCfg = Release|Any CPU
		{83B804E6-1E47-4CA3-9CC1-40DF889C5A0C}.Release|ARM.Build.0 = Release|Any CPU
		{83B804E6-1E47-4CA3-9CC1-40DF889C5A0C}.Release|ARM64.ActiveCfg = Release|Any CPU
		{83B804E6-1E47-4CA3-9CC1-40DF889C5A0C}.Release|ARM64.Build.0 = Release|Any CPU
		{83B804E6-1E47-4CA3-9CC1-40DF889C5A0C}.Release|x64.ActiveCfg = Release|Any CPU
		{83B804E6-1E47-4CA3-9CC1-40DF889C5A0C}.Release|x64.Build.0 = Release|Any CPU
		{83B804E6-1E47-4CA3-9CC1-40DF889C5A0C}.Release|x86.ActiveCfg = Release|Any CPU
		{83B804E6-1E47-4CA3-9CC1-40DF889C5A0C}.Release|x86.Build.0 = Release|Any CPU
	EndGlobalSection
	GlobalSection(SolutionProperties) = preSolution
		HideSolutionNode = FALSE
	EndGlobalSection
	GlobalSection(NestedProjects) = preSolution
		{97539BC9-5797-4247-BB93-2346B9C5FC97} = {A4C1297E-9477-4C59-B8FC-939247CCD76C}
		{CD0D1BEA-456C-42BF-88EF-A304522DB1AE} = {A4C1297E-9477-4C59-B8FC-939247CCD76C}
		{B4464098-9C10-4CD4-AD14-B70EC4AE3B85} = {A4C1297E-9477-4C59-B8FC-939247CCD76C}
		{4978D872-EB31-45E6-8A00-1C68D84145E7} = {A4C1297E-9477-4C59-B8FC-939247CCD76C}
		{18ACCDF8-B604-4E34-AB04-85F11A75852A} = {A4C1297E-9477-4C59-B8FC-939247CCD76C}
		{B92BC7F8-9E2D-4E73-BF5E-9EBD2F7DEF8E} = {27CBEA3D-6E8D-4522-A17A-D1FAD1F7A4FF}
		{7D523A64-48CA-44B8-92FE-0A43324A13EF} = {27CBEA3D-6E8D-4522-A17A-D1FAD1F7A4FF}
		{3AE3FC42-6BB4-4107-85D0-F34AC81D20DE} = {927254D3-A5E8-4AE4-B566-8CD17D37B138}
		{83B804E6-1E47-4CA3-9CC1-40DF889C5A0C} = {927254D3-A5E8-4AE4-B566-8CD17D37B138}
	EndGlobalSection
	GlobalSection(ExtensibilityGlobals) = postSolution
		SolutionGuid = {2A6420F7-C7C9-4BD4-8682-0CB0ACC7A8ED}
	EndGlobalSection
EndGlobal
